// !$*UTF8*$!
{
	archiveVersion = 1;
	classes = {
	};
	objectVersion = 56;
	objects = {

/* Begin PBXBuildFile section */
		19BD5E6700B8CD78B341F2B8 /* Pods_NY_Times_Artical_Demo_Project_NY_Times_Artical_Demo_ProjectUITests.framework in Frameworks */ = {isa = PBXBuildFile; fileRef = 738808DBE0325C1BFAD987DB /* Pods_NY_Times_Artical_Demo_Project_NY_Times_Artical_Demo_ProjectUITests.framework */; };
		1A0E09AAAFC94324AB11C359 /* Pods_NY_Times_Artical_Demo_Project.framework in Frameworks */ = {isa = PBXBuildFile; fileRef = 734F8D9D09E1F7BB646A3423 /* Pods_NY_Times_Artical_Demo_Project.framework */; };
		436102F95C2B7B5EC133A16C /* Pods_NY_Times_Artical_Demo_ProjectTests.framework in Frameworks */ = {isa = PBXBuildFile; fileRef = E4286A0C7C5C62A6122F4DF1 /* Pods_NY_Times_Artical_Demo_ProjectTests.framework */; };
		C9562BFA2B70ACCB004676F6 /* RealmManager.swift in Sources */ = {isa = PBXBuildFile; fileRef = C9562BF92B70ACCB004676F6 /* RealmManager.swift */; };
		C963C1E42B6A9EA20060AF7D /* AppDelegate.swift in Sources */ = {isa = PBXBuildFile; fileRef = C963C1E32B6A9EA20060AF7D /* AppDelegate.swift */; };
		C963C1E62B6A9EA20060AF7D /* SceneDelegate.swift in Sources */ = {isa = PBXBuildFile; fileRef = C963C1E52B6A9EA20060AF7D /* SceneDelegate.swift */; };
		C963C1E82B6A9EA20060AF7D /* ViewController.swift in Sources */ = {isa = PBXBuildFile; fileRef = C963C1E72B6A9EA20060AF7D /* ViewController.swift */; };
		C963C1EB2B6A9EA20060AF7D /* Main.storyboard in Resources */ = {isa = PBXBuildFile; fileRef = C963C1E92B6A9EA20060AF7D /* Main.storyboard */; };
		C963C1ED2B6A9EA40060AF7D /* Assets.xcassets in Resources */ = {isa = PBXBuildFile; fileRef = C963C1EC2B6A9EA40060AF7D /* Assets.xcassets */; };
		C963C1F02B6A9EA40060AF7D /* LaunchScreen.storyboard in Resources */ = {isa = PBXBuildFile; fileRef = C963C1EE2B6A9EA40060AF7D /* LaunchScreen.storyboard */; };
		C963C1FB2B6A9EA50060AF7D /* NY_Times_Artical_Demo_ProjectTests.swift in Sources */ = {isa = PBXBuildFile; fileRef = C963C1FA2B6A9EA50060AF7D /* NY_Times_Artical_Demo_ProjectTests.swift */; };
		C963C2052B6A9EA50060AF7D /* NY_Times_Artical_Demo_ProjectUITests.swift in Sources */ = {isa = PBXBuildFile; fileRef = C963C2042B6A9EA50060AF7D /* NY_Times_Artical_Demo_ProjectUITests.swift */; };
		C963C2072B6A9EA50060AF7D /* NY_Times_Artical_Demo_ProjectUITestsLaunchTests.swift in Sources */ = {isa = PBXBuildFile; fileRef = C963C2062B6A9EA50060AF7D /* NY_Times_Artical_Demo_ProjectUITestsLaunchTests.swift */; };
		C9821A442B711A0F0059FA32 /* MockAPICallResponse.swift in Sources */ = {isa = PBXBuildFile; fileRef = C9821A432B711A0F0059FA32 /* MockAPICallResponse.swift */; };
		C9C661302B6D714D00BAB9A1 /* DemoMainViewControllerUseCase.swift in Sources */ = {isa = PBXBuildFile; fileRef = C9C661232B6D714D00BAB9A1 /* DemoMainViewControllerUseCase.swift */; };
		C9C661312B6D714D00BAB9A1 /* DemoMainViewControllerViewModel.swift in Sources */ = {isa = PBXBuildFile; fileRef = C9C661242B6D714D00BAB9A1 /* DemoMainViewControllerViewModel.swift */; };
		C9C661322B6D714D00BAB9A1 /* DemoMainViewControllerRouter.swift in Sources */ = {isa = PBXBuildFile; fileRef = C9C661252B6D714D00BAB9A1 /* DemoMainViewControllerRouter.swift */; };
		C9C661332B6D714D00BAB9A1 /* DemoMainViewControllerViewController.swift in Sources */ = {isa = PBXBuildFile; fileRef = C9C661262B6D714D00BAB9A1 /* DemoMainViewControllerViewController.swift */; };
		C9C661342B6D714D00BAB9A1 /* DemoMainViewControllerResponse.swift in Sources */ = {isa = PBXBuildFile; fileRef = C9C661292B6D714D00BAB9A1 /* DemoMainViewControllerResponse.swift */; };
		C9C661352B6D714D00BAB9A1 /* DemoMainViewControllerRequest.swift in Sources */ = {isa = PBXBuildFile; fileRef = C9C6612B2B6D714D00BAB9A1 /* DemoMainViewControllerRequest.swift */; };
		C9C661362B6D714D00BAB9A1 /* DemoMainViewControllerRepository.swift in Sources */ = {isa = PBXBuildFile; fileRef = C9C6612C2B6D714D00BAB9A1 /* DemoMainViewControllerRepository.swift */; };
		C9C661372B6D714D00BAB9A1 /* DemoMainViewControllerView.swift in Sources */ = {isa = PBXBuildFile; fileRef = C9C6612E2B6D714D00BAB9A1 /* DemoMainViewControllerView.swift */; };
		C9C661382B6D714D00BAB9A1 /* DemoMainViewControllerViewController.xib in Resources */ = {isa = PBXBuildFile; fileRef = C9C6612F2B6D714D00BAB9A1 /* DemoMainViewControllerViewController.xib */; };
		C9C6613B2B6D715800BAB9A1 /* DemoMainViewController_Test.swift in Sources */ = {isa = PBXBuildFile; fileRef = C9C6613A2B6D715800BAB9A1 /* DemoMainViewController_Test.swift */; };
		C9C6613E2B6D79BE00BAB9A1 /* NetworkManager.swift in Sources */ = {isa = PBXBuildFile; fileRef = C9C6613D2B6D79BE00BAB9A1 /* NetworkManager.swift */; };
		C9C661442B6E241300BAB9A1 /* DemoProjectTableViewCell.swift in Sources */ = {isa = PBXBuildFile; fileRef = C9C661422B6E241300BAB9A1 /* DemoProjectTableViewCell.swift */; };
		C9C661452B6E241300BAB9A1 /* DemoProjectTableViewCell.xib in Resources */ = {isa = PBXBuildFile; fileRef = C9C661432B6E241300BAB9A1 /* DemoProjectTableViewCell.xib */; };
/* End PBXBuildFile section */

/* Begin PBXContainerItemProxy section */
		C963C1F72B6A9EA50060AF7D /* PBXContainerItemProxy */ = {
			isa = PBXContainerItemProxy;
			containerPortal = C963C1D82B6A9EA20060AF7D /* Project object */;
			proxyType = 1;
			remoteGlobalIDString = C963C1DF2B6A9EA20060AF7D;
			remoteInfo = "NY Times Artical Demo Project";
		};
		C963C2012B6A9EA50060AF7D /* PBXContainerItemProxy */ = {
			isa = PBXContainerItemProxy;
			containerPortal = C963C1D82B6A9EA20060AF7D /* Project object */;
			proxyType = 1;
			remoteGlobalIDString = C963C1DF2B6A9EA20060AF7D;
			remoteInfo = "NY Times Artical Demo Project";
		};
/* End PBXContainerItemProxy section */

/* Begin PBXFileReference section */
		0B29DCAF6B286B58FDEE9444 /* Pods-NY Times Artical Demo Project-NY Times Artical Demo ProjectUITests.debug.xcconfig */ = {isa = PBXFileReference; includeInIndex = 1; lastKnownFileType = text.xcconfig; name = "Pods-NY Times Artical Demo Project-NY Times Artical Demo ProjectUITests.debug.xcconfig"; path = "Target Support Files/Pods-NY Times Artical Demo Project-NY Times Artical Demo ProjectUITests/Pods-NY Times Artical Demo Project-NY Times Artical Demo ProjectUITests.debug.xcconfig"; sourceTree = "<group>"; };
		169D55233AB14E60CD47A766 /* Pods-NY Times Artical Demo Project-NY Times Artical Demo ProjectUITests.release.xcconfig */ = {isa = PBXFileReference; includeInIndex = 1; lastKnownFileType = text.xcconfig; name = "Pods-NY Times Artical Demo Project-NY Times Artical Demo ProjectUITests.release.xcconfig"; path = "Target Support Files/Pods-NY Times Artical Demo Project-NY Times Artical Demo ProjectUITests/Pods-NY Times Artical Demo Project-NY Times Artical Demo ProjectUITests.release.xcconfig"; sourceTree = "<group>"; };
		3760446AD349B1E745E46E7A /* Pods-NY Times Artical Demo Project.debug.xcconfig */ = {isa = PBXFileReference; includeInIndex = 1; lastKnownFileType = text.xcconfig; name = "Pods-NY Times Artical Demo Project.debug.xcconfig"; path = "Target Support Files/Pods-NY Times Artical Demo Project/Pods-NY Times Artical Demo Project.debug.xcconfig"; sourceTree = "<group>"; };
		734F8D9D09E1F7BB646A3423 /* Pods_NY_Times_Artical_Demo_Project.framework */ = {isa = PBXFileReference; explicitFileType = wrapper.framework; includeInIndex = 0; path = Pods_NY_Times_Artical_Demo_Project.framework; sourceTree = BUILT_PRODUCTS_DIR; };
		738808DBE0325C1BFAD987DB /* Pods_NY_Times_Artical_Demo_Project_NY_Times_Artical_Demo_ProjectUITests.framework */ = {isa = PBXFileReference; explicitFileType = wrapper.framework; includeInIndex = 0; path = Pods_NY_Times_Artical_Demo_Project_NY_Times_Artical_Demo_ProjectUITests.framework; sourceTree = BUILT_PRODUCTS_DIR; };
		8DEA07C0289194E1E7B5D36C /* Pods-NY Times Artical Demo Project.release.xcconfig */ = {isa = PBXFileReference; includeInIndex = 1; lastKnownFileType = text.xcconfig; name = "Pods-NY Times Artical Demo Project.release.xcconfig"; path = "Target Support Files/Pods-NY Times Artical Demo Project/Pods-NY Times Artical Demo Project.release.xcconfig"; sourceTree = "<group>"; };
		BAA8FF5054360F782F9A9F4E /* Pods-NY Times Artical Demo ProjectTests.debug.xcconfig */ = {isa = PBXFileReference; includeInIndex = 1; lastKnownFileType = text.xcconfig; name = "Pods-NY Times Artical Demo ProjectTests.debug.xcconfig"; path = "Target Support Files/Pods-NY Times Artical Demo ProjectTests/Pods-NY Times Artical Demo ProjectTests.debug.xcconfig"; sourceTree = "<group>"; };
		BADF261C2D356E5F0EB0E407 /* Pods-NY Times Artical Demo ProjectTests.release.xcconfig */ = {isa = PBXFileReference; includeInIndex = 1; lastKnownFileType = text.xcconfig; name = "Pods-NY Times Artical Demo ProjectTests.release.xcconfig"; path = "Target Support Files/Pods-NY Times Artical Demo ProjectTests/Pods-NY Times Artical Demo ProjectTests.release.xcconfig"; sourceTree = "<group>"; };
		C9562BF92B70ACCB004676F6 /* RealmManager.swift */ = {isa = PBXFileReference; lastKnownFileType = sourcecode.swift; path = RealmManager.swift; sourceTree = "<group>"; };
		C963C1E02B6A9EA20060AF7D /* NY Times Artical Demo Project.app */ = {isa = PBXFileReference; explicitFileType = wrapper.application; includeInIndex = 0; path = "NY Times Artical Demo Project.app"; sourceTree = BUILT_PRODUCTS_DIR; };
		C963C1E32B6A9EA20060AF7D /* AppDelegate.swift */ = {isa = PBXFileReference; lastKnownFileType = sourcecode.swift; path = AppDelegate.swift; sourceTree = "<group>"; };
		C963C1E52B6A9EA20060AF7D /* SceneDelegate.swift */ = {isa = PBXFileReference; lastKnownFileType = sourcecode.swift; path = SceneDelegate.swift; sourceTree = "<group>"; };
		C963C1E72B6A9EA20060AF7D /* ViewController.swift */ = {isa = PBXFileReference; lastKnownFileType = sourcecode.swift; path = ViewController.swift; sourceTree = "<group>"; };
		C963C1EA2B6A9EA20060AF7D /* Base */ = {isa = PBXFileReference; lastKnownFileType = file.storyboard; name = Base; path = Base.lproj/Main.storyboard; sourceTree = "<group>"; };
		C963C1EC2B6A9EA40060AF7D /* Assets.xcassets */ = {isa = PBXFileReference; lastKnownFileType = folder.assetcatalog; path = Assets.xcassets; sourceTree = "<group>"; };
		C963C1EF2B6A9EA40060AF7D /* Base */ = {isa = PBXFileReference; lastKnownFileType = file.storyboard; name = Base; path = Base.lproj/LaunchScreen.storyboard; sourceTree = "<group>"; };
		C963C1F12B6A9EA40060AF7D /* Info.plist */ = {isa = PBXFileReference; lastKnownFileType = text.plist.xml; path = Info.plist; sourceTree = "<group>"; };
		C963C1F62B6A9EA50060AF7D /* NY Times Artical Demo ProjectTests.xctest */ = {isa = PBXFileReference; explicitFileType = wrapper.cfbundle; includeInIndex = 0; path = "NY Times Artical Demo ProjectTests.xctest"; sourceTree = BUILT_PRODUCTS_DIR; };
		C963C1FA2B6A9EA50060AF7D /* NY_Times_Artical_Demo_ProjectTests.swift */ = {isa = PBXFileReference; lastKnownFileType = sourcecode.swift; path = NY_Times_Artical_Demo_ProjectTests.swift; sourceTree = "<group>"; };
		C963C2002B6A9EA50060AF7D /* NY Times Artical Demo ProjectUITests.xctest */ = {isa = PBXFileReference; explicitFileType = wrapper.cfbundle; includeInIndex = 0; path = "NY Times Artical Demo ProjectUITests.xctest"; sourceTree = BUILT_PRODUCTS_DIR; };
		C963C2042B6A9EA50060AF7D /* NY_Times_Artical_Demo_ProjectUITests.swift */ = {isa = PBXFileReference; lastKnownFileType = sourcecode.swift; path = NY_Times_Artical_Demo_ProjectUITests.swift; sourceTree = "<group>"; };
		C963C2062B6A9EA50060AF7D /* NY_Times_Artical_Demo_ProjectUITestsLaunchTests.swift */ = {isa = PBXFileReference; lastKnownFileType = sourcecode.swift; path = NY_Times_Artical_Demo_ProjectUITestsLaunchTests.swift; sourceTree = "<group>"; };
		C9821A432B711A0F0059FA32 /* MockAPICallResponse.swift */ = {isa = PBXFileReference; lastKnownFileType = sourcecode.swift; path = MockAPICallResponse.swift; sourceTree = "<group>"; };
		C9C661232B6D714D00BAB9A1 /* DemoMainViewControllerUseCase.swift */ = {isa = PBXFileReference; fileEncoding = 4; lastKnownFileType = sourcecode.swift; path = DemoMainViewControllerUseCase.swift; sourceTree = "<group>"; };
		C9C661242B6D714D00BAB9A1 /* DemoMainViewControllerViewModel.swift */ = {isa = PBXFileReference; fileEncoding = 4; lastKnownFileType = sourcecode.swift; path = DemoMainViewControllerViewModel.swift; sourceTree = "<group>"; };
		C9C661252B6D714D00BAB9A1 /* DemoMainViewControllerRouter.swift */ = {isa = PBXFileReference; fileEncoding = 4; lastKnownFileType = sourcecode.swift; path = DemoMainViewControllerRouter.swift; sourceTree = "<group>"; };
		C9C661262B6D714D00BAB9A1 /* DemoMainViewControllerViewController.swift */ = {isa = PBXFileReference; fileEncoding = 4; lastKnownFileType = sourcecode.swift; path = DemoMainViewControllerViewController.swift; sourceTree = "<group>"; };
		C9C661292B6D714D00BAB9A1 /* DemoMainViewControllerResponse.swift */ = {isa = PBXFileReference; fileEncoding = 4; lastKnownFileType = sourcecode.swift; path = DemoMainViewControllerResponse.swift; sourceTree = "<group>"; };
		C9C6612B2B6D714D00BAB9A1 /* DemoMainViewControllerRequest.swift */ = {isa = PBXFileReference; fileEncoding = 4; lastKnownFileType = sourcecode.swift; path = DemoMainViewControllerRequest.swift; sourceTree = "<group>"; };
		C9C6612C2B6D714D00BAB9A1 /* DemoMainViewControllerRepository.swift */ = {isa = PBXFileReference; fileEncoding = 4; lastKnownFileType = sourcecode.swift; path = DemoMainViewControllerRepository.swift; sourceTree = "<group>"; };
		C9C6612E2B6D714D00BAB9A1 /* DemoMainViewControllerView.swift */ = {isa = PBXFileReference; fileEncoding = 4; lastKnownFileType = sourcecode.swift; path = DemoMainViewControllerView.swift; sourceTree = "<group>"; };
		C9C6612F2B6D714D00BAB9A1 /* DemoMainViewControllerViewController.xib */ = {isa = PBXFileReference; fileEncoding = 4; lastKnownFileType = file.xib; path = DemoMainViewControllerViewController.xib; sourceTree = "<group>"; };
		C9C6613A2B6D715800BAB9A1 /* DemoMainViewController_Test.swift */ = {isa = PBXFileReference; fileEncoding = 4; lastKnownFileType = sourcecode.swift; path = DemoMainViewController_Test.swift; sourceTree = "<group>"; };
		C9C6613D2B6D79BE00BAB9A1 /* NetworkManager.swift */ = {isa = PBXFileReference; lastKnownFileType = sourcecode.swift; path = NetworkManager.swift; sourceTree = "<group>"; };
		C9C661422B6E241300BAB9A1 /* DemoProjectTableViewCell.swift */ = {isa = PBXFileReference; lastKnownFileType = sourcecode.swift; path = DemoProjectTableViewCell.swift; sourceTree = "<group>"; };
		C9C661432B6E241300BAB9A1 /* DemoProjectTableViewCell.xib */ = {isa = PBXFileReference; lastKnownFileType = file.xib; path = DemoProjectTableViewCell.xib; sourceTree = "<group>"; };
		E4286A0C7C5C62A6122F4DF1 /* Pods_NY_Times_Artical_Demo_ProjectTests.framework */ = {isa = PBXFileReference; explicitFileType = wrapper.framework; includeInIndex = 0; path = Pods_NY_Times_Artical_Demo_ProjectTests.framework; sourceTree = BUILT_PRODUCTS_DIR; };
/* End PBXFileReference section */

/* Begin PBXFrameworksBuildPhase section */
		C963C1DD2B6A9EA20060AF7D /* Frameworks */ = {
			isa = PBXFrameworksBuildPhase;
			buildActionMask = 2147483647;
			files = (
				1A0E09AAAFC94324AB11C359 /* Pods_NY_Times_Artical_Demo_Project.framework in Frameworks */,
			);
			runOnlyForDeploymentPostprocessing = 0;
		};
		C963C1F32B6A9EA50060AF7D /* Frameworks */ = {
			isa = PBXFrameworksBuildPhase;
			buildActionMask = 2147483647;
			files = (
				436102F95C2B7B5EC133A16C /* Pods_NY_Times_Artical_Demo_ProjectTests.framework in Frameworks */,
			);
			runOnlyForDeploymentPostprocessing = 0;
		};
		C963C1FD2B6A9EA50060AF7D /* Frameworks */ = {
			isa = PBXFrameworksBuildPhase;
			buildActionMask = 2147483647;
			files = (
				19BD5E6700B8CD78B341F2B8 /* Pods_NY_Times_Artical_Demo_Project_NY_Times_Artical_Demo_ProjectUITests.framework in Frameworks */,
			);
			runOnlyForDeploymentPostprocessing = 0;
		};
/* End PBXFrameworksBuildPhase section */

/* Begin PBXGroup section */
		47C059C76DC040A534B33145 /* Pods */ = {
			isa = PBXGroup;
			children = (
				3760446AD349B1E745E46E7A /* Pods-NY Times Artical Demo Project.debug.xcconfig */,
				8DEA07C0289194E1E7B5D36C /* Pods-NY Times Artical Demo Project.release.xcconfig */,
				0B29DCAF6B286B58FDEE9444 /* Pods-NY Times Artical Demo Project-NY Times Artical Demo ProjectUITests.debug.xcconfig */,
				169D55233AB14E60CD47A766 /* Pods-NY Times Artical Demo Project-NY Times Artical Demo ProjectUITests.release.xcconfig */,
				BAA8FF5054360F782F9A9F4E /* Pods-NY Times Artical Demo ProjectTests.debug.xcconfig */,
				BADF261C2D356E5F0EB0E407 /* Pods-NY Times Artical Demo ProjectTests.release.xcconfig */,
			);
			path = Pods;
			sourceTree = "<group>";
		};
		5F78980C4AE273F4030D0A36 /* Frameworks */ = {
			isa = PBXGroup;
			children = (
				734F8D9D09E1F7BB646A3423 /* Pods_NY_Times_Artical_Demo_Project.framework */,
				738808DBE0325C1BFAD987DB /* Pods_NY_Times_Artical_Demo_Project_NY_Times_Artical_Demo_ProjectUITests.framework */,
				E4286A0C7C5C62A6122F4DF1 /* Pods_NY_Times_Artical_Demo_ProjectTests.framework */,
			);
			name = Frameworks;
			sourceTree = "<group>";
		};
		C963C1D72B6A9EA20060AF7D = {
			isa = PBXGroup;
			children = (
				C963C1E22B6A9EA20060AF7D /* NY Times Artical Demo Project */,
				C963C1F92B6A9EA50060AF7D /* NY Times Artical Demo ProjectTests */,
				C963C2032B6A9EA50060AF7D /* NY Times Artical Demo ProjectUITests */,
				C963C1E12B6A9EA20060AF7D /* Products */,
				47C059C76DC040A534B33145 /* Pods */,
				5F78980C4AE273F4030D0A36 /* Frameworks */,
			);
			sourceTree = "<group>";
		};
		C963C1E12B6A9EA20060AF7D /* Products */ = {
			isa = PBXGroup;
			children = (
				C963C1E02B6A9EA20060AF7D /* NY Times Artical Demo Project.app */,
				C963C1F62B6A9EA50060AF7D /* NY Times Artical Demo ProjectTests.xctest */,
				C963C2002B6A9EA50060AF7D /* NY Times Artical Demo ProjectUITests.xctest */,
			);
			name = Products;
			sourceTree = "<group>";
		};
		C963C1E22B6A9EA20060AF7D /* NY Times Artical Demo Project */ = {
			isa = PBXGroup;
			children = (
				C963C1E32B6A9EA20060AF7D /* AppDelegate.swift */,
				C963C1E52B6A9EA20060AF7D /* SceneDelegate.swift */,
				C963C1E72B6A9EA20060AF7D /* ViewController.swift */,
				C963C1E92B6A9EA20060AF7D /* Main.storyboard */,
				C963C1EC2B6A9EA40060AF7D /* Assets.xcassets */,
				C963C1EE2B6A9EA40060AF7D /* LaunchScreen.storyboard */,
				C963C1F12B6A9EA40060AF7D /* Info.plist */,
				C9C6613C2B6D79A900BAB9A1 /* Core */,
				C9C661212B6D713B00BAB9A1 /* Classes */,
			);
			path = "NY Times Artical Demo Project";
			sourceTree = "<group>";
		};
		C963C1F92B6A9EA50060AF7D /* NY Times Artical Demo ProjectTests */ = {
			isa = PBXGroup;
			children = (
				C9C661392B6D715800BAB9A1 /* DemoTableViewControllerTest */,
				C963C1FA2B6A9EA50060AF7D /* NY_Times_Artical_Demo_ProjectTests.swift */,
			);
			path = "NY Times Artical Demo ProjectTests";
			sourceTree = "<group>";
		};
		C963C2032B6A9EA50060AF7D /* NY Times Artical Demo ProjectUITests */ = {
			isa = PBXGroup;
			children = (
				C963C2042B6A9EA50060AF7D /* NY_Times_Artical_Demo_ProjectUITests.swift */,
				C963C2062B6A9EA50060AF7D /* NY_Times_Artical_Demo_ProjectUITestsLaunchTests.swift */,
			);
			path = "NY Times Artical Demo ProjectUITests";
			sourceTree = "<group>";
		};
		C9C661212B6D713B00BAB9A1 /* Classes */ = {
			isa = PBXGroup;
			children = (
				C9C661222B6D714D00BAB9A1 /* DemoTableViewController */,
			);
			path = Classes;
			sourceTree = "<group>";
		};
		C9C661222B6D714D00BAB9A1 /* DemoTableViewController */ = {
			isa = PBXGroup;
			children = (
				C9C661412B6E23E200BAB9A1 /* TableVIewCell */,
				C9C661232B6D714D00BAB9A1 /* DemoMainViewControllerUseCase.swift */,
				C9C661242B6D714D00BAB9A1 /* DemoMainViewControllerViewModel.swift */,
				C9C661252B6D714D00BAB9A1 /* DemoMainViewControllerRouter.swift */,
				C9C661262B6D714D00BAB9A1 /* DemoMainViewControllerViewController.swift */,
				C9C661272B6D714D00BAB9A1 /* Models */,
				C9C6612C2B6D714D00BAB9A1 /* DemoMainViewControllerRepository.swift */,
				C9C6612D2B6D714D00BAB9A1 /* Views */,
			);
			path = DemoTableViewController;
			sourceTree = "<group>";
		};
		C9C661272B6D714D00BAB9A1 /* Models */ = {
			isa = PBXGroup;
			children = (
				C9C661282B6D714D00BAB9A1 /* Response */,
				C9C6612A2B6D714D00BAB9A1 /* Request */,
			);
			path = Models;
			sourceTree = "<group>";
		};
		C9C661282B6D714D00BAB9A1 /* Response */ = {
			isa = PBXGroup;
			children = (
				C9C661292B6D714D00BAB9A1 /* DemoMainViewControllerResponse.swift */,
			);
			path = Response;
			sourceTree = "<group>";
		};
		C9C6612A2B6D714D00BAB9A1 /* Request */ = {
			isa = PBXGroup;
			children = (
				C9C6612B2B6D714D00BAB9A1 /* DemoMainViewControllerRequest.swift */,
			);
			path = Request;
			sourceTree = "<group>";
		};
		C9C6612D2B6D714D00BAB9A1 /* Views */ = {
			isa = PBXGroup;
			children = (
				C9C6612E2B6D714D00BAB9A1 /* DemoMainViewControllerView.swift */,
				C9C6612F2B6D714D00BAB9A1 /* DemoMainViewControllerViewController.xib */,
			);
			path = Views;
			sourceTree = "<group>";
		};
		C9C661392B6D715800BAB9A1 /* DemoTableViewControllerTest */ = {
			isa = PBXGroup;
			children = (
				C9C6613A2B6D715800BAB9A1 /* DemoMainViewController_Test.swift */,
				C9821A432B711A0F0059FA32 /* MockAPICallResponse.swift */,
			);
			path = DemoTableViewControllerTest;
			sourceTree = "<group>";
		};
		C9C6613C2B6D79A900BAB9A1 /* Core */ = {
			isa = PBXGroup;
			children = (
				C9C6613D2B6D79BE00BAB9A1 /* NetworkManager.swift */,
				C9562BF92B70ACCB004676F6 /* RealmManager.swift */,
			);
			path = Core;
			sourceTree = "<group>";
		};
		C9C661412B6E23E200BAB9A1 /* TableVIewCell */ = {
			isa = PBXGroup;
			children = (
				C9C661422B6E241300BAB9A1 /* DemoProjectTableViewCell.swift */,
				C9C661432B6E241300BAB9A1 /* DemoProjectTableViewCell.xib */,
			);
			path = TableVIewCell;
			sourceTree = "<group>";
		};
/* End PBXGroup section */

/* Begin PBXNativeTarget section */
		C963C1DF2B6A9EA20060AF7D /* NY Times Artical Demo Project */ = {
			isa = PBXNativeTarget;
			buildConfigurationList = C963C20A2B6A9EA50060AF7D /* Build configuration list for PBXNativeTarget "NY Times Artical Demo Project" */;
			buildPhases = (
				6112DAF29211F21F95DE9466 /* [CP] Check Pods Manifest.lock */,
				C963C1DC2B6A9EA20060AF7D /* Sources */,
				C963C1DD2B6A9EA20060AF7D /* Frameworks */,
				C963C1DE2B6A9EA20060AF7D /* Resources */,
				4108618CF93FA1B0A2A7F57A /* [CP] Embed Pods Frameworks */,
			);
			buildRules = (
			);
			dependencies = (
			);
			name = "NY Times Artical Demo Project";
			productName = "NY Times Artical Demo Project";
			productReference = C963C1E02B6A9EA20060AF7D /* NY Times Artical Demo Project.app */;
			productType = "com.apple.product-type.application";
		};
		C963C1F52B6A9EA50060AF7D /* NY Times Artical Demo ProjectTests */ = {
			isa = PBXNativeTarget;
			buildConfigurationList = C963C20D2B6A9EA50060AF7D /* Build configuration list for PBXNativeTarget "NY Times Artical Demo ProjectTests" */;
			buildPhases = (
				8B7DD6F24C2197C71941DDF3 /* [CP] Check Pods Manifest.lock */,
				C963C1F22B6A9EA50060AF7D /* Sources */,
				C963C1F32B6A9EA50060AF7D /* Frameworks */,
				C963C1F42B6A9EA50060AF7D /* Resources */,
			);
			buildRules = (
			);
			dependencies = (
				C963C1F82B6A9EA50060AF7D /* PBXTargetDependency */,
			);
			name = "NY Times Artical Demo ProjectTests";
			productName = "NY Times Artical Demo ProjectTests";
			productReference = C963C1F62B6A9EA50060AF7D /* NY Times Artical Demo ProjectTests.xctest */;
			productType = "com.apple.product-type.bundle.unit-test";
		};
		C963C1FF2B6A9EA50060AF7D /* NY Times Artical Demo ProjectUITests */ = {
			isa = PBXNativeTarget;
			buildConfigurationList = C963C2102B6A9EA50060AF7D /* Build configuration list for PBXNativeTarget "NY Times Artical Demo ProjectUITests" */;
			buildPhases = (
				35025E923336C6A01BC17BB2 /* [CP] Check Pods Manifest.lock */,
				C963C1FC2B6A9EA50060AF7D /* Sources */,
				C963C1FD2B6A9EA50060AF7D /* Frameworks */,
				C963C1FE2B6A9EA50060AF7D /* Resources */,
				EDE282B985F93BF3B23BB095 /* [CP] Embed Pods Frameworks */,
			);
			buildRules = (
			);
			dependencies = (
				C963C2022B6A9EA50060AF7D /* PBXTargetDependency */,
			);
			name = "NY Times Artical Demo ProjectUITests";
			productName = "NY Times Artical Demo ProjectUITests";
			productReference = C963C2002B6A9EA50060AF7D /* NY Times Artical Demo ProjectUITests.xctest */;
			productType = "com.apple.product-type.bundle.ui-testing";
		};
/* End PBXNativeTarget section */

/* Begin PBXProject section */
		C963C1D82B6A9EA20060AF7D /* Project object */ = {
			isa = PBXProject;
			attributes = {
				BuildIndependentTargetsInParallel = 1;
				LastSwiftUpdateCheck = 1510;
				LastUpgradeCheck = 1510;
				TargetAttributes = {
					C963C1DF2B6A9EA20060AF7D = {
						CreatedOnToolsVersion = 15.1;
					};
					C963C1F52B6A9EA50060AF7D = {
						CreatedOnToolsVersion = 15.1;
						TestTargetID = C963C1DF2B6A9EA20060AF7D;
					};
					C963C1FF2B6A9EA50060AF7D = {
						CreatedOnToolsVersion = 15.1;
						TestTargetID = C963C1DF2B6A9EA20060AF7D;
					};
				};
			};
			buildConfigurationList = C963C1DB2B6A9EA20060AF7D /* Build configuration list for PBXProject "NY Times Artical Demo Project" */;
			compatibilityVersion = "Xcode 14.0";
			developmentRegion = en;
			hasScannedForEncodings = 0;
			knownRegions = (
				en,
				Base,
			);
			mainGroup = C963C1D72B6A9EA20060AF7D;
			productRefGroup = C963C1E12B6A9EA20060AF7D /* Products */;
			projectDirPath = "";
			projectRoot = "";
			targets = (
				C963C1DF2B6A9EA20060AF7D /* NY Times Artical Demo Project */,
				C963C1F52B6A9EA50060AF7D /* NY Times Artical Demo ProjectTests */,
				C963C1FF2B6A9EA50060AF7D /* NY Times Artical Demo ProjectUITests */,
			);
		};
/* End PBXProject section */

/* Begin PBXResourcesBuildPhase section */
		C963C1DE2B6A9EA20060AF7D /* Resources */ = {
			isa = PBXResourcesBuildPhase;
			buildActionMask = 2147483647;
			files = (
				C963C1F02B6A9EA40060AF7D /* LaunchScreen.storyboard in Resources */,
				C9C661382B6D714D00BAB9A1 /* DemoMainViewControllerViewController.xib in Resources */,
				C963C1ED2B6A9EA40060AF7D /* Assets.xcassets in Resources */,
				C963C1EB2B6A9EA20060AF7D /* Main.storyboard in Resources */,
				C9C661452B6E241300BAB9A1 /* DemoProjectTableViewCell.xib in Resources */,
			);
			runOnlyForDeploymentPostprocessing = 0;
		};
		C963C1F42B6A9EA50060AF7D /* Resources */ = {
			isa = PBXResourcesBuildPhase;
			buildActionMask = 2147483647;
			files = (
			);
			runOnlyForDeploymentPostprocessing = 0;
		};
		C963C1FE2B6A9EA50060AF7D /* Resources */ = {
			isa = PBXResourcesBuildPhase;
			buildActionMask = 2147483647;
			files = (
			);
			runOnlyForDeploymentPostprocessing = 0;
		};
/* End PBXResourcesBuildPhase section */

/* Begin PBXShellScriptBuildPhase section */
		35025E923336C6A01BC17BB2 /* [CP] Check Pods Manifest.lock */ = {
			isa = PBXShellScriptBuildPhase;
			buildActionMask = 2147483647;
			files = (
			);
			inputFileListPaths = (
			);
			inputPaths = (
				"${PODS_PODFILE_DIR_PATH}/Podfile.lock",
				"${PODS_ROOT}/Manifest.lock",
			);
			name = "[CP] Check Pods Manifest.lock";
			outputFileListPaths = (
			);
			outputPaths = (
				"$(DERIVED_FILE_DIR)/Pods-NY Times Artical Demo Project-NY Times Artical Demo ProjectUITests-checkManifestLockResult.txt",
			);
			runOnlyForDeploymentPostprocessing = 0;
			shellPath = /bin/sh;
			shellScript = "diff \"${PODS_PODFILE_DIR_PATH}/Podfile.lock\" \"${PODS_ROOT}/Manifest.lock\" > /dev/null\nif [ $? != 0 ] ; then\n    # print error to STDERR\n    echo \"error: The sandbox is not in sync with the Podfile.lock. Run 'pod install' or update your CocoaPods installation.\" >&2\n    exit 1\nfi\n# This output is used by Xcode 'outputs' to avoid re-running this script phase.\necho \"SUCCESS\" > \"${SCRIPT_OUTPUT_FILE_0}\"\n";
			showEnvVarsInLog = 0;
		};
		4108618CF93FA1B0A2A7F57A /* [CP] Embed Pods Frameworks */ = {
			isa = PBXShellScriptBuildPhase;
			buildActionMask = 2147483647;
			files = (
			);
			inputFileListPaths = (
				"${PODS_ROOT}/Target Support Files/Pods-NY Times Artical Demo Project/Pods-NY Times Artical Demo Project-frameworks-${CONFIGURATION}-input-files.xcfilelist",
			);
			name = "[CP] Embed Pods Frameworks";
			outputFileListPaths = (
				"${PODS_ROOT}/Target Support Files/Pods-NY Times Artical Demo Project/Pods-NY Times Artical Demo Project-frameworks-${CONFIGURATION}-output-files.xcfilelist",
			);
			runOnlyForDeploymentPostprocessing = 0;
			shellPath = /bin/sh;
			shellScript = "\"${PODS_ROOT}/Target Support Files/Pods-NY Times Artical Demo Project/Pods-NY Times Artical Demo Project-frameworks.sh\"\n";
			showEnvVarsInLog = 0;
		};
		6112DAF29211F21F95DE9466 /* [CP] Check Pods Manifest.lock */ = {
			isa = PBXShellScriptBuildPhase;
			buildActionMask = 2147483647;
			files = (
			);
			inputFileListPaths = (
			);
			inputPaths = (
				"${PODS_PODFILE_DIR_PATH}/Podfile.lock",
				"${PODS_ROOT}/Manifest.lock",
			);
			name = "[CP] Check Pods Manifest.lock";
			outputFileListPaths = (
			);
			outputPaths = (
				"$(DERIVED_FILE_DIR)/Pods-NY Times Artical Demo Project-checkManifestLockResult.txt",
			);
			runOnlyForDeploymentPostprocessing = 0;
			shellPath = /bin/sh;
			shellScript = "diff \"${PODS_PODFILE_DIR_PATH}/Podfile.lock\" \"${PODS_ROOT}/Manifest.lock\" > /dev/null\nif [ $? != 0 ] ; then\n    # print error to STDERR\n    echo \"error: The sandbox is not in sync with the Podfile.lock. Run 'pod install' or update your CocoaPods installation.\" >&2\n    exit 1\nfi\n# This output is used by Xcode 'outputs' to avoid re-running this script phase.\necho \"SUCCESS\" > \"${SCRIPT_OUTPUT_FILE_0}\"\n";
			showEnvVarsInLog = 0;
		};
		8B7DD6F24C2197C71941DDF3 /* [CP] Check Pods Manifest.lock */ = {
			isa = PBXShellScriptBuildPhase;
			buildActionMask = 2147483647;
			files = (
			);
			inputFileListPaths = (
			);
			inputPaths = (
				"${PODS_PODFILE_DIR_PATH}/Podfile.lock",
				"${PODS_ROOT}/Manifest.lock",
			);
			name = "[CP] Check Pods Manifest.lock";
			outputFileListPaths = (
			);
			outputPaths = (
				"$(DERIVED_FILE_DIR)/Pods-NY Times Artical Demo ProjectTests-checkManifestLockResult.txt",
			);
			runOnlyForDeploymentPostprocessing = 0;
			shellPath = /bin/sh;
			shellScript = "diff \"${PODS_PODFILE_DIR_PATH}/Podfile.lock\" \"${PODS_ROOT}/Manifest.lock\" > /dev/null\nif [ $? != 0 ] ; then\n    # print error to STDERR\n    echo \"error: The sandbox is not in sync with the Podfile.lock. Run 'pod install' or update your CocoaPods installation.\" >&2\n    exit 1\nfi\n# This output is used by Xcode 'outputs' to avoid re-running this script phase.\necho \"SUCCESS\" > \"${SCRIPT_OUTPUT_FILE_0}\"\n";
			showEnvVarsInLog = 0;
		};
		EDE282B985F93BF3B23BB095 /* [CP] Embed Pods Frameworks */ = {
			isa = PBXShellScriptBuildPhase;
			buildActionMask = 2147483647;
			files = (
			);
			inputFileListPaths = (
				"${PODS_ROOT}/Target Support Files/Pods-NY Times Artical Demo Project-NY Times Artical Demo ProjectUITests/Pods-NY Times Artical Demo Project-NY Times Artical Demo ProjectUITests-frameworks-${CONFIGURATION}-input-files.xcfilelist",
			);
			name = "[CP] Embed Pods Frameworks";
			outputFileListPaths = (
				"${PODS_ROOT}/Target Support Files/Pods-NY Times Artical Demo Project-NY Times Artical Demo ProjectUITests/Pods-NY Times Artical Demo Project-NY Times Artical Demo ProjectUITests-frameworks-${CONFIGURATION}-output-files.xcfilelist",
			);
			runOnlyForDeploymentPostprocessing = 0;
			shellPath = /bin/sh;
			shellScript = "\"${PODS_ROOT}/Target Support Files/Pods-NY Times Artical Demo Project-NY Times Artical Demo ProjectUITests/Pods-NY Times Artical Demo Project-NY Times Artical Demo ProjectUITests-frameworks.sh\"\n";
			showEnvVarsInLog = 0;
		};
/* End PBXShellScriptBuildPhase section */

/* Begin PBXSourcesBuildPhase section */
		C963C1DC2B6A9EA20060AF7D /* Sources */ = {
			isa = PBXSourcesBuildPhase;
			buildActionMask = 2147483647;
			files = (
				C9C6613E2B6D79BE00BAB9A1 /* NetworkManager.swift in Sources */,
				C9C661302B6D714D00BAB9A1 /* DemoMainViewControllerUseCase.swift in Sources */,
				C9C661372B6D714D00BAB9A1 /* DemoMainViewControllerView.swift in Sources */,
				C9C661312B6D714D00BAB9A1 /* DemoMainViewControllerViewModel.swift in Sources */,
				C9C661352B6D714D00BAB9A1 /* DemoMainViewControllerRequest.swift in Sources */,
				C9562BFA2B70ACCB004676F6 /* RealmManager.swift in Sources */,
				C9C661332B6D714D00BAB9A1 /* DemoMainViewControllerViewController.swift in Sources */,
				C9C661442B6E241300BAB9A1 /* DemoProjectTableViewCell.swift in Sources */,
				C963C1E82B6A9EA20060AF7D /* ViewController.swift in Sources */,
				C963C1E42B6A9EA20060AF7D /* AppDelegate.swift in Sources */,
				C9C661362B6D714D00BAB9A1 /* DemoMainViewControllerRepository.swift in Sources */,
				C963C1E62B6A9EA20060AF7D /* SceneDelegate.swift in Sources */,
				C9C661322B6D714D00BAB9A1 /* DemoMainViewControllerRouter.swift in Sources */,
				C9C661342B6D714D00BAB9A1 /* DemoMainViewControllerResponse.swift in Sources */,
			);
			runOnlyForDeploymentPostprocessing = 0;
		};
		C963C1F22B6A9EA50060AF7D /* Sources */ = {
			isa = PBXSourcesBuildPhase;
			buildActionMask = 2147483647;
			files = (
				C9C6613B2B6D715800BAB9A1 /* DemoMainViewController_Test.swift in Sources */,
				C963C1FB2B6A9EA50060AF7D /* NY_Times_Artical_Demo_ProjectTests.swift in Sources */,
				C9821A442B711A0F0059FA32 /* MockAPICallResponse.swift in Sources */,
			);
			runOnlyForDeploymentPostprocessing = 0;
		};
		C963C1FC2B6A9EA50060AF7D /* Sources */ = {
			isa = PBXSourcesBuildPhase;
			buildActionMask = 2147483647;
			files = (
				C963C2072B6A9EA50060AF7D /* NY_Times_Artical_Demo_ProjectUITestsLaunchTests.swift in Sources */,
				C963C2052B6A9EA50060AF7D /* NY_Times_Artical_Demo_ProjectUITests.swift in Sources */,
			);
			runOnlyForDeploymentPostprocessing = 0;
		};
/* End PBXSourcesBuildPhase section */

/* Begin PBXTargetDependency section */
		C963C1F82B6A9EA50060AF7D /* PBXTargetDependency */ = {
			isa = PBXTargetDependency;
			target = C963C1DF2B6A9EA20060AF7D /* NY Times Artical Demo Project */;
			targetProxy = C963C1F72B6A9EA50060AF7D /* PBXContainerItemProxy */;
		};
		C963C2022B6A9EA50060AF7D /* PBXTargetDependency */ = {
			isa = PBXTargetDependency;
			target = C963C1DF2B6A9EA20060AF7D /* NY Times Artical Demo Project */;
			targetProxy = C963C2012B6A9EA50060AF7D /* PBXContainerItemProxy */;
		};
/* End PBXTargetDependency section */

/* Begin PBXVariantGroup section */
		C963C1E92B6A9EA20060AF7D /* Main.storyboard */ = {
			isa = PBXVariantGroup;
			children = (
				C963C1EA2B6A9EA20060AF7D /* Base */,
			);
			name = Main.storyboard;
			sourceTree = "<group>";
		};
		C963C1EE2B6A9EA40060AF7D /* LaunchScreen.storyboard */ = {
			isa = PBXVariantGroup;
			children = (
				C963C1EF2B6A9EA40060AF7D /* Base */,
			);
			name = LaunchScreen.storyboard;
			sourceTree = "<group>";
		};
/* End PBXVariantGroup section */

/* Begin XCBuildConfiguration section */
		C963C2082B6A9EA50060AF7D /* Debug */ = {
			isa = XCBuildConfiguration;
			buildSettings = {
				ALWAYS_SEARCH_USER_PATHS = NO;
				ASSETCATALOG_COMPILER_GENERATE_SWIFT_ASSET_SYMBOL_EXTENSIONS = YES;
				CLANG_ANALYZER_NONNULL = YES;
				CLANG_ANALYZER_NUMBER_OBJECT_CONVERSION = YES_AGGRESSIVE;
				CLANG_CXX_LANGUAGE_STANDARD = "gnu++20";
				CLANG_ENABLE_MODULES = YES;
				CLANG_ENABLE_OBJC_ARC = YES;
				CLANG_ENABLE_OBJC_WEAK = YES;
				CLANG_WARN_BLOCK_CAPTURE_AUTORELEASING = YES;
				CLANG_WARN_BOOL_CONVERSION = YES;
				CLANG_WARN_COMMA = YES;
				CLANG_WARN_CONSTANT_CONVERSION = YES;
				CLANG_WARN_DEPRECATED_OBJC_IMPLEMENTATIONS = YES;
				CLANG_WARN_DIRECT_OBJC_ISA_USAGE = YES_ERROR;
				CLANG_WARN_DOCUMENTATION_COMMENTS = YES;
				CLANG_WARN_EMPTY_BODY = YES;
				CLANG_WARN_ENUM_CONVERSION = YES;
				CLANG_WARN_INFINITE_RECURSION = YES;
				CLANG_WARN_INT_CONVERSION = YES;
				CLANG_WARN_NON_LITERAL_NULL_CONVERSION = YES;
				CLANG_WARN_OBJC_IMPLICIT_RETAIN_SELF = YES;
				CLANG_WARN_OBJC_LITERAL_CONVERSION = YES;
				CLANG_WARN_OBJC_ROOT_CLASS = YES_ERROR;
				CLANG_WARN_QUOTED_INCLUDE_IN_FRAMEWORK_HEADER = YES;
				CLANG_WARN_RANGE_LOOP_ANALYSIS = YES;
				CLANG_WARN_STRICT_PROTOTYPES = YES;
				CLANG_WARN_SUSPICIOUS_MOVE = YES;
				CLANG_WARN_UNGUARDED_AVAILABILITY = YES_AGGRESSIVE;
				CLANG_WARN_UNREACHABLE_CODE = YES;
				CLANG_WARN__DUPLICATE_METHOD_MATCH = YES;
				COPY_PHASE_STRIP = NO;
				DEBUG_INFORMATION_FORMAT = dwarf;
				ENABLE_STRICT_OBJC_MSGSEND = YES;
				ENABLE_TESTABILITY = YES;
				ENABLE_USER_SCRIPT_SANDBOXING = NO;
				GCC_C_LANGUAGE_STANDARD = gnu17;
				GCC_DYNAMIC_NO_PIC = NO;
				GCC_NO_COMMON_BLOCKS = YES;
				GCC_OPTIMIZATION_LEVEL = 0;
				GCC_PREPROCESSOR_DEFINITIONS = (
					"DEBUG=1",
					"$(inherited)",
				);
				GCC_WARN_64_TO_32_BIT_CONVERSION = YES;
				GCC_WARN_ABOUT_RETURN_TYPE = YES_ERROR;
				GCC_WARN_UNDECLARED_SELECTOR = YES;
				GCC_WARN_UNINITIALIZED_AUTOS = YES_AGGRESSIVE;
				GCC_WARN_UNUSED_FUNCTION = YES;
				GCC_WARN_UNUSED_VARIABLE = YES;
				IPHONEOS_DEPLOYMENT_TARGET = 17.2;
				LOCALIZATION_PREFERS_STRING_CATALOGS = YES;
				MTL_ENABLE_DEBUG_INFO = INCLUDE_SOURCE;
				MTL_FAST_MATH = YES;
				ONLY_ACTIVE_ARCH = YES;
				SDKROOT = iphoneos;
				SWIFT_ACTIVE_COMPILATION_CONDITIONS = "DEBUG $(inherited)";
				SWIFT_OPTIMIZATION_LEVEL = "-Onone";
			};
			name = Debug;
		};
		C963C2092B6A9EA50060AF7D /* Release */ = {
			isa = XCBuildConfiguration;
			buildSettings = {
				ALWAYS_SEARCH_USER_PATHS = NO;
				ASSETCATALOG_COMPILER_GENERATE_SWIFT_ASSET_SYMBOL_EXTENSIONS = YES;
				CLANG_ANALYZER_NONNULL = YES;
				CLANG_ANALYZER_NUMBER_OBJECT_CONVERSION = YES_AGGRESSIVE;
				CLANG_CXX_LANGUAGE_STANDARD = "gnu++20";
				CLANG_ENABLE_MODULES = YES;
				CLANG_ENABLE_OBJC_ARC = YES;
				CLANG_ENABLE_OBJC_WEAK = YES;
				CLANG_WARN_BLOCK_CAPTURE_AUTORELEASING = YES;
				CLANG_WARN_BOOL_CONVERSION = YES;
				CLANG_WARN_COMMA = YES;
				CLANG_WARN_CONSTANT_CONVERSION = YES;
				CLANG_WARN_DEPRECATED_OBJC_IMPLEMENTATIONS = YES;
				CLANG_WARN_DIRECT_OBJC_ISA_USAGE = YES_ERROR;
				CLANG_WARN_DOCUMENTATION_COMMENTS = YES;
				CLANG_WARN_EMPTY_BODY = YES;
				CLANG_WARN_ENUM_CONVERSION = YES;
				CLANG_WARN_INFINITE_RECURSION = YES;
				CLANG_WARN_INT_CONVERSION = YES;
				CLANG_WARN_NON_LITERAL_NULL_CONVERSION = YES;
				CLANG_WARN_OBJC_IMPLICIT_RETAIN_SELF = YES;
				CLANG_WARN_OBJC_LITERAL_CONVERSION = YES;
				CLANG_WARN_OBJC_ROOT_CLASS = YES_ERROR;
				CLANG_WARN_QUOTED_INCLUDE_IN_FRAMEWORK_HEADER = YES;
				CLANG_WARN_RANGE_LOOP_ANALYSIS = YES;
				CLANG_WARN_STRICT_PROTOTYPES = YES;
				CLANG_WARN_SUSPICIOUS_MOVE = YES;
				CLANG_WARN_UNGUARDED_AVAILABILITY = YES_AGGRESSIVE;
				CLANG_WARN_UNREACHABLE_CODE = YES;
				CLANG_WARN__DUPLICATE_METHOD_MATCH = YES;
				COPY_PHASE_STRIP = NO;
				DEBUG_INFORMATION_FORMAT = "dwarf-with-dsym";
				ENABLE_NS_ASSERTIONS = NO;
				ENABLE_STRICT_OBJC_MSGSEND = YES;
				ENABLE_USER_SCRIPT_SANDBOXING = NO;
				GCC_C_LANGUAGE_STANDARD = gnu17;
				GCC_NO_COMMON_BLOCKS = YES;
				GCC_WARN_64_TO_32_BIT_CONVERSION = YES;
				GCC_WARN_ABOUT_RETURN_TYPE = YES_ERROR;
				GCC_WARN_UNDECLARED_SELECTOR = YES;
				GCC_WARN_UNINITIALIZED_AUTOS = YES_AGGRESSIVE;
				GCC_WARN_UNUSED_FUNCTION = YES;
				GCC_WARN_UNUSED_VARIABLE = YES;
				IPHONEOS_DEPLOYMENT_TARGET = 17.2;
				LOCALIZATION_PREFERS_STRING_CATALOGS = YES;
				MTL_ENABLE_DEBUG_INFO = NO;
				MTL_FAST_MATH = YES;
				SDKROOT = iphoneos;
				SWIFT_COMPILATION_MODE = wholemodule;
				VALIDATE_PRODUCT = YES;
			};
			name = Release;
		};
		C963C20B2B6A9EA50060AF7D /* Debug */ = {
			isa = XCBuildConfiguration;
			baseConfigurationReference = 3760446AD349B1E745E46E7A /* Pods-NY Times Artical Demo Project.debug.xcconfig */;
			buildSettings = {
				ASSETCATALOG_COMPILER_APPICON_NAME = AppIcon;
				ASSETCATALOG_COMPILER_GLOBAL_ACCENT_COLOR_NAME = AccentColor;
				CODE_SIGN_STYLE = Automatic;
				CURRENT_PROJECT_VERSION = 1;
				GENERATE_INFOPLIST_FILE = YES;
				INFOPLIST_FILE = "NY Times Artical Demo Project/Info.plist";
				INFOPLIST_KEY_UIApplicationSupportsIndirectInputEvents = YES;
				INFOPLIST_KEY_UILaunchStoryboardName = LaunchScreen;
				INFOPLIST_KEY_UIMainStoryboardFile = Main;
				INFOPLIST_KEY_UISupportedInterfaceOrientations_iPad = "UIInterfaceOrientationPortrait UIInterfaceOrientationPortraitUpsideDown UIInterfaceOrientationLandscapeLeft UIInterfaceOrientationLandscapeRight";
				INFOPLIST_KEY_UISupportedInterfaceOrientations_iPhone = "UIInterfaceOrientationPortrait UIInterfaceOrientationLandscapeLeft UIInterfaceOrientationLandscapeRight";
				LD_RUNPATH_SEARCH_PATHS = (
					"$(inherited)",
					"@executable_path/Frameworks",
				);
				MARKETING_VERSION = 1.0;
				PRODUCT_BUNDLE_IDENTIFIER = "con.meesum.NY-Times-Artical-Demo-Project";
				PRODUCT_NAME = "$(TARGET_NAME)";
				SWIFT_EMIT_LOC_STRINGS = YES;
				SWIFT_VERSION = 5.0;
				TARGETED_DEVICE_FAMILY = "1,2";
			};
			name = Debug;
		};
		C963C20C2B6A9EA50060AF7D /* Release */ = {
			isa = XCBuildConfiguration;
			baseConfigurationReference = 8DEA07C0289194E1E7B5D36C /* Pods-NY Times Artical Demo Project.release.xcconfig */;
			buildSettings = {
				ASSETCATALOG_COMPILER_APPICON_NAME = AppIcon;
				ASSETCATALOG_COMPILER_GLOBAL_ACCENT_COLOR_NAME = AccentColor;
				CODE_SIGN_STYLE = Automatic;
				CURRENT_PROJECT_VERSION = 1;
				GENERATE_INFOPLIST_FILE = YES;
				INFOPLIST_FILE = "NY Times Artical Demo Project/Info.plist";
				INFOPLIST_KEY_UIApplicationSupportsIndirectInputEvents = YES;
				INFOPLIST_KEY_UILaunchStoryboardName = LaunchScreen;
				INFOPLIST_KEY_UIMainStoryboardFile = Main;
				INFOPLIST_KEY_UISupportedInterfaceOrientations_iPad = "UIInterfaceOrientationPortrait UIInterfaceOrientationPortraitUpsideDown UIInterfaceOrientationLandscapeLeft UIInterfaceOrientationLandscapeRight";
				INFOPLIST_KEY_UISupportedInterfaceOrientations_iPhone = "UIInterfaceOrientationPortrait UIInterfaceOrientationLandscapeLeft UIInterfaceOrientationLandscapeRight";
				LD_RUNPATH_SEARCH_PATHS = (
					"$(inherited)",
					"@executable_path/Frameworks",
				);
				MARKETING_VERSION = 1.0;
				PRODUCT_BUNDLE_IDENTIFIER = "con.meesum.NY-Times-Artical-Demo-Project";
				PRODUCT_NAME = "$(TARGET_NAME)";
				SWIFT_EMIT_LOC_STRINGS = YES;
				SWIFT_VERSION = 5.0;
				TARGETED_DEVICE_FAMILY = "1,2";
			};
			name = Release;
		};
		C963C20E2B6A9EA50060AF7D /* Debug */ = {
			isa = XCBuildConfiguration;
			baseConfigurationReference = BAA8FF5054360F782F9A9F4E /* Pods-NY Times Artical Demo ProjectTests.debug.xcconfig */;
			buildSettings = {
				ALWAYS_EMBED_SWIFT_STANDARD_LIBRARIES = YES;
				BUNDLE_LOADER = "$(TEST_HOST)";
				CODE_SIGN_STYLE = Automatic;
				CURRENT_PROJECT_VERSION = 1;
				GENERATE_INFOPLIST_FILE = YES;
				IPHONEOS_DEPLOYMENT_TARGET = 17.2;
				MARKETING_VERSION = 1.0;
				PRODUCT_BUNDLE_IDENTIFIER = "con.meesum.NY-Times-Artical-Demo-ProjectTests";
				PRODUCT_NAME = "$(TARGET_NAME)";
				SWIFT_EMIT_LOC_STRINGS = NO;
				SWIFT_VERSION = 5.0;
				TARGETED_DEVICE_FAMILY = "1,2";
				TEST_HOST = "$(BUILT_PRODUCTS_DIR)/NY Times Artical Demo Project.app/$(BUNDLE_EXECUTABLE_FOLDER_PATH)/NY Times Artical Demo Project";
			};
			name = Debug;
		};
		C963C20F2B6A9EA50060AF7D /* Release */ = {
			isa = XCBuildConfiguration;
			baseConfigurationReference = BADF261C2D356E5F0EB0E407 /* Pods-NY Times Artical Demo ProjectTests.release.xcconfig */;
			buildSettings = {
				ALWAYS_EMBED_SWIFT_STANDARD_LIBRARIES = YES;
				BUNDLE_LOADER = "$(TEST_HOST)";
				CODE_SIGN_STYLE = Automatic;
				CURRENT_PROJECT_VERSION = 1;
				GENERATE_INFOPLIST_FILE = YES;
				IPHONEOS_DEPLOYMENT_TARGET = 17.2;
				MARKETING_VERSION = 1.0;
				PRODUCT_BUNDLE_IDENTIFIER = "con.meesum.NY-Times-Artical-Demo-ProjectTests";
				PRODUCT_NAME = "$(TARGET_NAME)";
				SWIFT_EMIT_LOC_STRINGS = NO;
				SWIFT_VERSION = 5.0;
				TARGETED_DEVICE_FAMILY = "1,2";
				TEST_HOST = "$(BUILT_PRODUCTS_DIR)/NY Times Artical Demo Project.app/$(BUNDLE_EXECUTABLE_FOLDER_PATH)/NY Times Artical Demo Project";
			};
			name = Release;
		};
		C963C2112B6A9EA50060AF7D /* Debug */ = {
			isa = XCBuildConfiguration;
			baseConfigurationReference = 0B29DCAF6B286B58FDEE9444 /* Pods-NY Times Artical Demo Project-NY Times Artical Demo ProjectUITests.debug.xcconfig */;
			buildSettings = {
				ALWAYS_EMBED_SWIFT_STANDARD_LIBRARIES = YES;
				CODE_SIGN_STYLE = Automatic;
				CURRENT_PROJECT_VERSION = 1;
				GENERATE_INFOPLIST_FILE = YES;
				MARKETING_VERSION = 1.0;
				PRODUCT_BUNDLE_IDENTIFIER = "con.meesum.NY-Times-Artical-Demo-ProjectUITests";
				PRODUCT_NAME = "$(TARGET_NAME)";
				SWIFT_EMIT_LOC_STRINGS = NO;
				SWIFT_VERSION = 5.0;
				TARGETED_DEVICE_FAMILY = "1,2";
				TEST_TARGET_NAME = "NY Times Artical Demo Project";
			};
			name = Debug;
		};
		C963C2122B6A9EA50060AF7D /* Release */ = {
			isa = XCBuildConfiguration;
			baseConfigurationReference = 169D55233AB14E60CD47A766 /* Pods-NY Times Artical Demo Project-NY Times Artical Demo ProjectUITests.release.xcconfig */;
			buildSettings = {
				ALWAYS_EMBED_SWIFT_STANDARD_LIBRARIES = YES;
				CODE_SIGN_STYLE = Automatic;
				CURRENT_PROJECT_VERSION = 1;
				GENERATE_INFOPLIST_FILE = YES;
				MARKETING_VERSION = 1.0;
				PRODUCT_BUNDLE_IDENTIFIER = "con.meesum.NY-Times-Artical-Demo-ProjectUITests";
				PRODUCT_NAME = "$(TARGET_NAME)";
				SWIFT_EMIT_LOC_STRINGS = NO;
				SWIFT_VERSION = 5.0;
				TARGETED_DEVICE_FAMILY = "1,2";
				TEST_TARGET_NAME = "NY Times Artical Demo Project";
			};
			name = Release;
		};
/* End XCBuildConfiguration section */

/* Begin XCConfigurationList section */
		C963C1DB2B6A9EA20060AF7D /* Build configuration list for PBXProject "NY Times Artical Demo Project" */ = {
			isa = XCConfigurationList;
			buildConfigurations = (
				C963C2082B6A9EA50060AF7D /* Debug */,
				C963C2092B6A9EA50060AF7D /* Release */,
			);
			defaultConfigurationIsVisible = 0;
			defaultConfigurationName = Release;
		};
		C963C20A2B6A9EA50060AF7D /* Build configuration list for PBXNativeTarget "NY Times Artical Demo Project" */ = {
			isa = XCConfigurationList;
			buildConfigurations = (
				C963C20B2B6A9EA50060AF7D /* Debug */,
				C963C20C2B6A9EA50060AF7D /* Release */,
			);
			defaultConfigurationIsVisible = 0;
			defaultConfigurationName = Release;
		};
		C963C20D2B6A9EA50060AF7D /* Build configuration list for PBXNativeTarget "NY Times Artical Demo ProjectTests" */ = {
			isa = XCConfigurationList;
			buildConfigurations = (
				C963C20E2B6A9EA50060AF7D /* Debug */,
				C963C20F2B6A9EA50060AF7D /* Release */,
			);
			defaultConfigurationIsVisible = 0;
			defaultConfigurationName = Release;
		};
		C963C2102B6A9EA50060AF7D /* Build configuration list for PBXNativeTarget "NY Times Artical Demo ProjectUITests" */ = {
			isa = XCConfigurationList;
			buildConfigurations = (
				C963C2112B6A9EA50060AF7D /* Debug */,
				C963C2122B6A9EA50060AF7D /* Release */,
			);
			defaultConfigurationIsVisible = 0;
			defaultConfigurationName = Release;
		};
/* End XCConfigurationList section */
	};
	rootObject = C963C1D82B6A9EA20060AF7D /* Project object */;
}
